<?xml version="1.0" encoding="utf-8"?>
<Project ToolsVersion="4.0" xmlns="http://schemas.microsoft.com/developer/msbuild/2003">
  <ItemGroup>
    <Filter Include="소스 파일">
      <UniqueIdentifier>{4FC737F1-C7A5-4376-A066-2A32D752A2FF}</UniqueIdentifier>
      <Extensions>cpp;c;cc;cxx;c++;cppm;ixx;def;odl;idl;hpj;bat;asm;asmx</Extensions>
    </Filter>
    <Filter Include="헤더 파일">
      <UniqueIdentifier>{93995380-89BD-4b04-88EB-625FBE52EBFB}</UniqueIdentifier>
      <Extensions>h;hh;hpp;hxx;h++;hm;inl;inc;ipp;xsd</Extensions>
    </Filter>
    <Filter Include="리소스 파일">
      <UniqueIdentifier>{67DA6AB6-F800-4c08-8B7A-83BB121AAD01}</UniqueIdentifier>
      <Extensions>rc;ico;cur;bmp;dlg;rc2;rct;bin;rgs;gif;jpg;jpeg;jpe;resx;tiff;tif;png;wav;mfcribbon-ms</Extensions>
    </Filter>
    <Filter Include="소스 파일\Core">
      <UniqueIdentifier>{7f536125-178e-447e-86b0-eb2f99a657cb}</UniqueIdentifier>
    </Filter>
    <Filter Include="헤더 파일\Core">
      <UniqueIdentifier>{eadb2135-b418-4eb1-9209-4e8dc2b9d046}</UniqueIdentifier>
    </Filter>
    <Filter Include="소스 파일\Scene">
      <UniqueIdentifier>{3327749a-c0c0-4031-82f4-7a38dd338713}</UniqueIdentifier>
    </Filter>
    <Filter Include="헤더 파일\Scene">
      <UniqueIdentifier>{e11bd253-4bcd-4d3d-b0ab-88855fd8aa53}</UniqueIdentifier>
    </Filter>
    <Filter Include="소스 파일\GameObject">
      <UniqueIdentifier>{c29e5095-7a7b-4fc6-81de-6690f01da732}</UniqueIdentifier>
    </Filter>
    <Filter Include="헤더 파일\GameObject">
      <UniqueIdentifier>{0ca0b1b8-7af8-4a4b-b032-400eaa4fb2e1}</UniqueIdentifier>
    </Filter>
  </ItemGroup>
  <ItemGroup>
    <ClInclude Include="inc\Game.h">
      <Filter>헤더 파일\Core</Filter>
    </ClInclude>
    <ClInclude Include="inc\Scene.h">
      <Filter>헤더 파일\Scene</Filter>
    </ClInclude>
    <ClInclude Include="inc\TitleScene.h">
      <Filter>헤더 파일\Scene</Filter>
    </ClInclude>
    <ClInclude Include="inc\PlayScene.h">
      <Filter>헤더 파일\Scene</Filter>
    </ClInclude>
    <ClInclude Include="inc\GDIRenderer.h">
      <Filter>헤더 파일\Core</Filter>
    </ClInclude>
    <ClInclude Include="inc\GameObject.h">
      <Filter>헤더 파일\GameObject</Filter>
    </ClInclude>
    <ClInclude Include="inc\SceneNameTest.h">
      <Filter>헤더 파일\GameObject</Filter>
    </ClInclude>
    <ClInclude Include="inc\Contexts.h">
      <Filter>헤더 파일\Core</Filter>
    </ClInclude>
    <ClInclude Include="inc\Sprite.h">
      <Filter>헤더 파일\Core</Filter>
    </ClInclude>
    <ClInclude Include="inc\Animation.h">
      <Filter>헤더 파일\Core</Filter>
    </ClInclude>
    <ClInclude Include="inc\Resources.h">
      <Filter>헤더 파일\Core</Filter>
    </ClInclude>
  </ItemGroup>
  <ItemGroup>
    <ClCompile Include="src\Main.cpp">
      <Filter>소스 파일\Core</Filter>
    </ClCompile>
    <ClCompile Include="src\Game.cpp">
      <Filter>소스 파일\Core</Filter>
    </ClCompile>
    <ClCompile Include="src\Scene.cpp">
      <Filter>소스 파일\Scene</Filter>
    </ClCompile>
    <ClCompile Include="src\TitleScene.cpp">
      <Filter>소스 파일\Scene</Filter>
    </ClCompile>
    <ClCompile Include="src\PlayScene.cpp">
      <Filter>소스 파일\Scene</Filter>
    </ClCompile>
    <ClCompile Include="src\GDIRenderer.cpp">
      <Filter>소스 파일\Core</Filter>
    </ClCompile>
    <ClCompile Include="src\GameObject.cpp">
      <Filter>소스 파일\GameObject</Filter>
    </ClCompile>
    <ClCompile Include="src\SceneNameTest.cpp">
      <Filter>소스 파일\GameObject</Filter>
    </ClCompile>
    <ClCompile Include="src\Sprite.cpp">
      <Filter>소스 파일\Core</Filter>
    </ClCompile>
    <ClCompile Include="src\Animation.cpp">
      <Filter>소스 파일\Core</Filter>
    </ClCompile>
    <ClCompile Include="src\Resources.cpp">
      <Filter>소스 파일\Core</Filter>
    </ClCompile>
  </ItemGroup>
</Project>